
Microsoft Visual Studio Solution File, Format Version 12.00
# Visual Studio Version 17
VisualStudioVersion = 17.3.32929.385
MinimumVisualStudioVersion = 10.0.40219.1
Project("{FAE04EC0-301F-11D3-BF4B-00C04F79EFBC}") = "CapeChap", "CapeChap\CapeChap.csproj", "{6EDDB366-34E5-44D1-BD39-DA0DF1DCA5F4}"
EndProject
Global
	GlobalSection(SolutionConfigurationPlatforms) = preSolution
		Debug|Any CPU = Debug|Any CPU
		Release|Any CPU = Release|Any CPU
	EndGlobalSection
	GlobalSection(ProjectConfigurationPlatforms) = postSolution
		{6EDDB366-34E5-44D1-BD39-DA0DF1DCA5F4}.Debug|Any CPU.ActiveCfg = Debug|Any CPU
		{6EDDB366-34E5-44D1-BD39-DA0DF1DCA5F4}.Debug|Any CPU.Build.0 = Debug|Any CPU
		{6EDDB366-34E5-44D1-BD39-DA0DF1DCA5F4}.Release|Any CPU.ActiveCfg = Release|Any CPU
		{6EDDB366-34E5-44D1-BD39-DA0DF1DCA5F4}.Release|Any CPU.Build.0 = Release|Any CPU
	EndGlobalSection
	GlobalSection(SolutionProperties) = preSolution
		HideSolutionNode = FALSE
	EndGlobalSection
	GlobalSection(ExtensibilityGlobals) = postSolution
		SolutionGuid = {C5A4162E-FF34-4595-B7A2-DF3CA5093481}
	EndGlobalSection
EndGlobal
